<?xml version="1.0" encoding="utf-8"?>
<Project ToolsVersion="4.0" xmlns="http://schemas.microsoft.com/developer/msbuild/2003">
  <ItemGroup>
    <Filter Include="Archivos de código fuente">
      <UniqueIdentifier>{4FC737F1-C7A5-4376-A066-2A32D752A2FF}</UniqueIdentifier>
      <Extensions>cpp;c;cc;cxx;def;odl;idl;hpj;bat;asm;asmx</Extensions>
    </Filter>
    <Filter Include="Archivos de encabezado">
      <UniqueIdentifier>{93995380-89BD-4b04-88EB-625FBE52EBFB}</UniqueIdentifier>
      <Extensions>h;hpp;hxx;hm;inl;inc;xsd</Extensions>
    </Filter>
    <Filter Include="Archivos de recursos">
      <UniqueIdentifier>{67DA6AB6-F800-4c08-8B7A-83BB121AAD01}</UniqueIdentifier>
      <Extensions>rc;ico;cur;bmp;dlg;rc2;rct;bin;rgs;gif;jpg;jpeg;jpe;resx;tiff;tif;png;wav;mfcribbon-ms</Extensions>
    </Filter>
    <Filter Include="Archivos de código fuente\Main">
      <UniqueIdentifier>{de2791b1-7c84-43c6-b484-d6cfce2a0e27}</UniqueIdentifier>
    </Filter>
    <Filter Include="Archivos de código fuente\RotoZoom">
      <UniqueIdentifier>{fbbfd0ff-bfa7-4fe6-9f21-fcf38e7740f9}</UniqueIdentifier>
    </Filter>
    <Filter Include="Archivos de código fuente\SDLPLUS">
      <UniqueIdentifier>{1f83a5fb-841c-493a-877c-4996b6e1374f}</UniqueIdentifier>
    </Filter>
    <Filter Include="Archivos de encabezado\SDLPLUS">
      <UniqueIdentifier>{6c14d54e-a7a6-44f9-b60c-b78044731d27}</UniqueIdentifier>
    </Filter>
    <Filter Include="Archivos de código fuente\SDLPLUS\Graphics">
      <UniqueIdentifier>{3c7b9e75-c6a2-41e9-a023-babf1bd18ec4}</UniqueIdentifier>
    </Filter>
    <Filter Include="Archivos de encabezado\SDLPLUS\Graphics">
      <UniqueIdentifier>{be2a4137-aa38-401a-9dbe-1ab14acc4d2d}</UniqueIdentifier>
    </Filter>
    <Filter Include="Archivos de código fuente\SDLPLUS\Screen">
      <UniqueIdentifier>{11d98597-a607-4ef6-b99b-fcf25397e4d9}</UniqueIdentifier>
    </Filter>
    <Filter Include="Archivos de encabezado\SDLPLUS\Screen">
      <UniqueIdentifier>{6c5bcdd4-bbd4-4db2-bbf5-a24c1be60827}</UniqueIdentifier>
    </Filter>
    <Filter Include="Archivos de encabezado\SDLPLUS\Events">
      <UniqueIdentifier>{ff38b310-7869-4171-b94c-892bc7b7d825}</UniqueIdentifier>
    </Filter>
    <Filter Include="Archivos de código fuente\SDLPLUS\Events">
      <UniqueIdentifier>{a9ad91e3-0ce6-49b7-b5d9-8beda1556965}</UniqueIdentifier>
    </Filter>
    <Filter Include="Archivos de código fuente\SDLPLUS\Audio">
      <UniqueIdentifier>{7868e2da-ae4c-4057-8d89-6af18a148f8c}</UniqueIdentifier>
    </Filter>
    <Filter Include="Archivos de encabezado\SDLPLUS\Audio">
      <UniqueIdentifier>{643ae9b8-b1a1-463f-8107-5d3693857e13}</UniqueIdentifier>
    </Filter>
  </ItemGroup>
  <ItemGroup>
    <None Include="ReadMe.txt" />
  </ItemGroup>
  <ItemGroup>
    <ClInclude Include="stdafx.h">
      <Filter>Archivos de encabezado</Filter>
    </ClInclude>
    <ClInclude Include="targetver.h">
      <Filter>Archivos de encabezado</Filter>
    </ClInclude>
    <ClInclude Include="SSM.h">
      <Filter>Archivos de encabezado\SDLPLUS\Screen</Filter>
    </ClInclude>
    <ClInclude Include="ImageManager.h">
      <Filter>Archivos de encabezado\SDLPLUS\Graphics</Filter>
    </ClInclude>
    <ClInclude Include="SpriteManager.h">
      <Filter>Archivos de encabezado\SDLPLUS\Graphics</Filter>
    </ClInclude>
    <ClInclude Include="SurfaceManager.h">
      <Filter>Archivos de encabezado\SDLPLUS\Graphics</Filter>
    </ClInclude>
    <ClInclude Include="TextManager.h">
      <Filter>Archivos de encabezado\SDLPLUS\Graphics</Filter>
    </ClInclude>
  </ItemGroup>
  <ItemGroup>
    <ClCompile Include="main.cpp">
      <Filter>Archivos de código fuente\Main</Filter>
    </ClCompile>
    <ClCompile Include="librerias.cpp">
      <Filter>Archivos de código fuente\Main</Filter>
    </ClCompile>
    <ClCompile Include="SDL_rotozoom.c">
      <Filter>Archivos de código fuente\RotoZoom</Filter>
    </ClCompile>
    <ClCompile Include="SSM.cpp">
      <Filter>Archivos de código fuente\SDLPLUS\Screen</Filter>
    </ClCompile>
    <ClCompile Include="ImageManager.cpp">
      <Filter>Archivos de código fuente\SDLPLUS\Graphics</Filter>
    </ClCompile>
    <ClCompile Include="SpriteManager.cpp">
      <Filter>Archivos de código fuente\SDLPLUS\Graphics</Filter>
    </ClCompile>
    <ClCompile Include="SurfaceManager.cpp">
      <Filter>Archivos de código fuente\SDLPLUS\Graphics</Filter>
    </ClCompile>
    <ClCompile Include="TextManager.cpp">
      <Filter>Archivos de código fuente\SDLPLUS\Graphics</Filter>
    </ClCompile>
  </ItemGroup>
</Project>