
Microsoft Visual Studio Solution File, Format Version 11.00
# Visual C++ Express 2010
Project("{8BC9CEB8-8B4A-11D0-8D11-00A0C91BC942}") = "MandraCannon", "MandraCannon\MandraCannon.vcxproj", "{EDD2D1F0-F701-4E96-B53E-2DB9F0376CE7}"
EndProject
Global
	GlobalSection(SolutionConfigurationPlatforms) = preSolution
		Debug|Win32 = Debug|Win32
		Release|Win32 = Release|Win32
	EndGlobalSection
	GlobalSection(ProjectConfigurationPlatforms) = postSolution
		{EDD2D1F0-F701-4E96-B53E-2DB9F0376CE7}.Debug|Win32.ActiveCfg = Debug|Win32
		{EDD2D1F0-F701-4E96-B53E-2DB9F0376CE7}.Debug|Win32.Build.0 = Debug|Win32
		{EDD2D1F0-F701-4E96-B53E-2DB9F0376CE7}.Release|Win32.ActiveCfg = Release|Win32
		{EDD2D1F0-F701-4E96-B53E-2DB9F0376CE7}.Release|Win32.Build.0 = Release|Win32
	EndGlobalSection
	GlobalSection(SolutionProperties) = preSolution
		HideSolutionNode = FALSE
	EndGlobalSection
EndGlobal
